
Microsoft Visual Studio Solution File, Format Version 12.00
# Visual Studio Version 17
VisualStudioVersion = 17.5.33103.201
MinimumVisualStudioVersion = 10.0.40219.1
Project("{2150E333-8FDC-42A3-9474-1A3956D46DE8}") = "src", "src", "{80236508-5E34-4E41-BA15-4387A29D3D7D}"
EndProject
Project("{2150E333-8FDC-42A3-9474-1A3956D46DE8}") = "libs", "libs", "{3119BDF3-AB5D-4D38-B6A3-FCA16DCCD16C}"
EndProject
Project("{9A19103F-16F7-4668-BE54-9A1E7A4F7556}") = "corlib", "src\libs\corlib\corlib.csproj", "{E4CB3B8B-EB46-41FD-94E5-1D35D129B598}"
EndProject
Project("{9A19103F-16F7-4668-BE54-9A1E7A4F7556}") = "System", "src\libs\System\System.csproj", "{2285CDE1-43C4-4768-A2DD-3139A6FBB00B}"
EndProject
Project("{9A19103F-16F7-4668-BE54-9A1E7A4F7556}") = "System.Core", "src\libs\System.Core\System.Core.csproj", "{E449CCFB-C03F-4C5E-9512-E7F669432767}"
EndProject
Project("{9A19103F-16F7-4668-BE54-9A1E7A4F7556}") = "System.Drawing", "src\libs\System.Drawing\System.Drawing.csproj", "{3947D027-7507-44B8-BD89-BD1EC16C1D12}"
EndProject
Project("{9A19103F-16F7-4668-BE54-9A1E7A4F7556}") = "CustomDevice", "src\libs\CustomDevice\CustomDevice.csproj", "{75661C61-A121-4BA7-A547-6C848856CD36}"
EndProject
Project("{2150E333-8FDC-42A3-9474-1A3956D46DE8}") = "runtime", "runtime", "{385CA77B-A3E8-4624-A50F-1DA0047597F1}"
EndProject
Project("{2150E333-8FDC-42A3-9474-1A3956D46DE8}") = "bcl", "bcl", "{BDAD290A-C065-4A9B-A7B7-59AFB0244901}"
EndProject
Project("{2150E333-8FDC-42A3-9474-1A3956D46DE8}") = "hal", "hal", "{19C4AF8A-54B5-4C00-BCF1-C95B639F0DBD}"
EndProject
Project("{2150E333-8FDC-42A3-9474-1A3956D46DE8}") = "examples", "examples", "{378429E5-0F23-4E0A-A66E-345EDAE453E9}"
EndProject
Project("{9A19103F-16F7-4668-BE54-9A1E7A4F7556}") = "HelloWorld", "src\examples\mini-demo-dna\HelloWorld\HelloWorld.csproj", "{1F30AE04-DA16-4E90-864A-E0F36E6E6F8D}"
EndProject
Project("{9A19103F-16F7-4668-BE54-9A1E7A4F7556}") = "Snake", "src\examples\Snake\Snake.csproj", "{687E9CB9-B417-460E-9B92-52E0A6B12AA2}"
EndProject
Global
	GlobalSection(SolutionConfigurationPlatforms) = preSolution
		Debug|Any CPU = Debug|Any CPU
		Release|Any CPU = Release|Any CPU
		Windows|Any CPU = Windows|Any CPU
	EndGlobalSection
	GlobalSection(ProjectConfigurationPlatforms) = postSolution
		{E4CB3B8B-EB46-41FD-94E5-1D35D129B598}.Debug|Any CPU.ActiveCfg = Debug|Any CPU
		{E4CB3B8B-EB46-41FD-94E5-1D35D129B598}.Debug|Any CPU.Build.0 = Debug|Any CPU
		{E4CB3B8B-EB46-41FD-94E5-1D35D129B598}.Release|Any CPU.ActiveCfg = Release|Any CPU
		{E4CB3B8B-EB46-41FD-94E5-1D35D129B598}.Release|Any CPU.Build.0 = Release|Any CPU
		{E4CB3B8B-EB46-41FD-94E5-1D35D129B598}.Windows|Any CPU.ActiveCfg = Debug|Any CPU
		{E4CB3B8B-EB46-41FD-94E5-1D35D129B598}.Windows|Any CPU.Build.0 = Debug|Any CPU
		{2285CDE1-43C4-4768-A2DD-3139A6FBB00B}.Debug|Any CPU.ActiveCfg = Debug|Any CPU
		{2285CDE1-43C4-4768-A2DD-3139A6FBB00B}.Debug|Any CPU.Build.0 = Debug|Any CPU
		{2285CDE1-43C4-4768-A2DD-3139A6FBB00B}.Release|Any CPU.ActiveCfg = Release|Any CPU
		{2285CDE1-43C4-4768-A2DD-3139A6FBB00B}.Release|Any CPU.Build.0 = Release|Any CPU
		{2285CDE1-43C4-4768-A2DD-3139A6FBB00B}.Windows|Any CPU.ActiveCfg = Debug|Any CPU
		{2285CDE1-43C4-4768-A2DD-3139A6FBB00B}.Windows|Any CPU.Build.0 = Debug|Any CPU
		{E449CCFB-C03F-4C5E-9512-E7F669432767}.Debug|Any CPU.ActiveCfg = Debug|Any CPU
		{E449CCFB-C03F-4C5E-9512-E7F669432767}.Debug|Any CPU.Build.0 = Debug|Any CPU
		{E449CCFB-C03F-4C5E-9512-E7F669432767}.Release|Any CPU.ActiveCfg = Release|Any CPU
		{E449CCFB-C03F-4C5E-9512-E7F669432767}.Release|Any CPU.Build.0 = Release|Any CPU
		{E449CCFB-C03F-4C5E-9512-E7F669432767}.Windows|Any CPU.ActiveCfg = Debug|Any CPU
		{E449CCFB-C03F-4C5E-9512-E7F669432767}.Windows|Any CPU.Build.0 = Debug|Any CPU
		{3947D027-7507-44B8-BD89-BD1EC16C1D12}.Debug|Any CPU.ActiveCfg = Debug|Any CPU
		{3947D027-7507-44B8-BD89-BD1EC16C1D12}.Debug|Any CPU.Build.0 = Debug|Any CPU
		{3947D027-7507-44B8-BD89-BD1EC16C1D12}.Release|Any CPU.ActiveCfg = Release|Any CPU
		{3947D027-7507-44B8-BD89-BD1EC16C1D12}.Release|Any CPU.Build.0 = Release|Any CPU
		{3947D027-7507-44B8-BD89-BD1EC16C1D12}.Windows|Any CPU.ActiveCfg = Debug|Any CPU
		{3947D027-7507-44B8-BD89-BD1EC16C1D12}.Windows|Any CPU.Build.0 = Debug|Any CPU
		{75661C61-A121-4BA7-A547-6C848856CD36}.Debug|Any CPU.ActiveCfg = Debug|Any CPU
		{75661C61-A121-4BA7-A547-6C848856CD36}.Debug|Any CPU.Build.0 = Debug|Any CPU
		{75661C61-A121-4BA7-A547-6C848856CD36}.Release|Any CPU.ActiveCfg = Release|Any CPU
		{75661C61-A121-4BA7-A547-6C848856CD36}.Release|Any CPU.Build.0 = Release|Any CPU
		{75661C61-A121-4BA7-A547-6C848856CD36}.Windows|Any CPU.ActiveCfg = Windows|Any CPU
		{75661C61-A121-4BA7-A547-6C848856CD36}.Windows|Any CPU.Build.0 = Windows|Any CPU
		{1F30AE04-DA16-4E90-864A-E0F36E6E6F8D}.Debug|Any CPU.ActiveCfg = Debug|Any CPU
		{1F30AE04-DA16-4E90-864A-E0F36E6E6F8D}.Debug|Any CPU.Build.0 = Debug|Any CPU
		{1F30AE04-DA16-4E90-864A-E0F36E6E6F8D}.Release|Any CPU.ActiveCfg = Release|Any CPU
		{1F30AE04-DA16-4E90-864A-E0F36E6E6F8D}.Release|Any CPU.Build.0 = Release|Any CPU
		{1F30AE04-DA16-4E90-864A-E0F36E6E6F8D}.Windows|Any CPU.ActiveCfg = Debug|Any CPU
		{1F30AE04-DA16-4E90-864A-E0F36E6E6F8D}.Windows|Any CPU.Build.0 = Debug|Any CPU
		{687E9CB9-B417-460E-9B92-52E0A6B12AA2}.Debug|Any CPU.ActiveCfg = Debug|Any CPU
		{687E9CB9-B417-460E-9B92-52E0A6B12AA2}.Debug|Any CPU.Build.0 = Debug|Any CPU
		{687E9CB9-B417-460E-9B92-52E0A6B12AA2}.Release|Any CPU.ActiveCfg = Release|Any CPU
		{687E9CB9-B417-460E-9B92-52E0A6B12AA2}.Release|Any CPU.Build.0 = Release|Any CPU
		{687E9CB9-B417-460E-9B92-52E0A6B12AA2}.Windows|Any CPU.ActiveCfg = Windows|Any CPU
		{687E9CB9-B417-460E-9B92-52E0A6B12AA2}.Windows|Any CPU.Build.0 = Windows|Any CPU
	EndGlobalSection
	GlobalSection(SolutionProperties) = preSolution
		HideSolutionNode = FALSE
	EndGlobalSection
	GlobalSection(NestedProjects) = preSolution
		{3119BDF3-AB5D-4D38-B6A3-FCA16DCCD16C} = {80236508-5E34-4E41-BA15-4387A29D3D7D}
		{E4CB3B8B-EB46-41FD-94E5-1D35D129B598} = {385CA77B-A3E8-4624-A50F-1DA0047597F1}
		{2285CDE1-43C4-4768-A2DD-3139A6FBB00B} = {BDAD290A-C065-4A9B-A7B7-59AFB0244901}
		{E449CCFB-C03F-4C5E-9512-E7F669432767} = {BDAD290A-C065-4A9B-A7B7-59AFB0244901}
		{3947D027-7507-44B8-BD89-BD1EC16C1D12} = {BDAD290A-C065-4A9B-A7B7-59AFB0244901}
		{75661C61-A121-4BA7-A547-6C848856CD36} = {19C4AF8A-54B5-4C00-BCF1-C95B639F0DBD}
		{385CA77B-A3E8-4624-A50F-1DA0047597F1} = {3119BDF3-AB5D-4D38-B6A3-FCA16DCCD16C}
		{BDAD290A-C065-4A9B-A7B7-59AFB0244901} = {3119BDF3-AB5D-4D38-B6A3-FCA16DCCD16C}
		{19C4AF8A-54B5-4C00-BCF1-C95B639F0DBD} = {3119BDF3-AB5D-4D38-B6A3-FCA16DCCD16C}
		{378429E5-0F23-4E0A-A66E-345EDAE453E9} = {80236508-5E34-4E41-BA15-4387A29D3D7D}
		{1F30AE04-DA16-4E90-864A-E0F36E6E6F8D} = {378429E5-0F23-4E0A-A66E-345EDAE453E9}
		{687E9CB9-B417-460E-9B92-52E0A6B12AA2} = {378429E5-0F23-4E0A-A66E-345EDAE453E9}
	EndGlobalSection
	GlobalSection(ExtensibilityGlobals) = postSolution
		SolutionGuid = {41532BFC-B24C-498D-8C47-F28B610F8DE1}
	EndGlobalSection
EndGlobal
